# This file is automatically @generated by Poetry 1.7.1 and should not be changed by hand.

[[package]]
name = "attrs"
version = "23.1.0"
description = "Classes Without Boilerplate"
optional = false
python-versions = ">=3.7"
files = [
    {file = "attrs-23.1.0-py3-none-any.whl", hash = "sha256:1f28b4522cdc2fb4256ac1a020c78acf9cba2c6b461ccd2c126f3aa8e8335d04"},
    {file = "attrs-23.1.0.tar.gz", hash = "sha256:6279836d581513a26f1bf235f9acd333bc9115683f14f7e8fae46c98fc50e015"},
]

[package.dependencies]
importlib-metadata = {version = "*", markers = "python_version < \"3.8\""}

[package.extras]
cov = ["attrs[tests]", "coverage[toml] (>=5.3)"]
dev = ["attrs[docs,tests]", "pre-commit"]
docs = ["furo", "myst-parser", "sphinx", "sphinx-notfound-page", "sphinxcontrib-towncrier", "towncrier", "zope-interface"]
tests = ["attrs[tests-no-zope]", "zope-interface"]
tests-no-zope = ["cloudpickle", "hypothesis", "mypy (>=1.1.1)", "pympler", "pytest (>=4.3.0)", "pytest-mypy-plugins", "pytest-xdist[psutil]"]

[[package]]
name = "certifi"
version = "2023.7.22"
description = "Python package for providing Mozilla's CA Bundle."
optional = false
python-versions = ">=3.6"
files = [
    {file = "certifi-2023.7.22-py3-none-any.whl", hash = "sha256:92d6037539857d8206b8f6ae472e8b77db8058fec5937a1ef3f54304089edbb9"},
    {file = "certifi-2023.7.22.tar.gz", hash = "sha256:539cc1d13202e33ca466e88b2807e29f4c13049d6d87031a3c110744495cb082"},
]

[[package]]
name = "charset-normalizer"
version = "3.2.0"
description = "The Real First Universal Charset Detector. Open, modern and actively maintained alternative to Chardet."
optional = false
python-versions = ">=3.7.0"
files = [
    {file = "charset-normalizer-3.2.0.tar.gz", hash = "sha256:3bb3d25a8e6c0aedd251753a79ae98a093c7e7b471faa3aa9a93a81431987ace"},
    {file = "charset_normalizer-3.2.0-cp310-cp310-macosx_10_9_universal2.whl", hash = "sha256:0b87549028f680ca955556e3bd57013ab47474c3124dc069faa0b6545b6c9710"},
    {file = "charset_normalizer-3.2.0-cp310-cp310-macosx_10_9_x86_64.whl", hash = "sha256:7c70087bfee18a42b4040bb9ec1ca15a08242cf5867c58726530bdf3945672ed"},
    {file = "charset_normalizer-3.2.0-cp310-cp310-macosx_11_0_arm64.whl", hash = "sha256:a103b3a7069b62f5d4890ae1b8f0597618f628b286b03d4bc9195230b154bfa9"},
    {file = "charset_normalizer-3.2.0-cp310-cp310-manylinux_2_17_aarch64.manylinux2014_aarch64.whl", hash = "sha256:94aea8eff76ee6d1cdacb07dd2123a68283cb5569e0250feab1240058f53b623"},
    {file = "charset_normalizer-3.2.0-cp310-cp310-manylinux_2_17_ppc64le.manylinux2014_ppc64le.whl", hash = "sha256:db901e2ac34c931d73054d9797383d0f8009991e723dab15109740a63e7f902a"},
    {file = "charset_normalizer-3.2.0-cp310-cp310-manylinux_2_17_s390x.manylinux2014_s390x.whl", hash = "sha256:b0dac0ff919ba34d4df1b6131f59ce95b08b9065233446be7e459f95554c0dc8"},
    {file = "charset_normalizer-3.2.0-cp310-cp310-manylinux_2_17_x86_64.manylinux2014_x86_64.whl", hash = "sha256:193cbc708ea3aca45e7221ae58f0fd63f933753a9bfb498a3b474878f12caaad"},
    {file = "charset_normalizer-3.2.0-cp310-cp310-manylinux_2_5_i686.manylinux1_i686.manylinux_2_17_i686.manylinux2014_i686.whl", hash = "sha256:09393e1b2a9461950b1c9a45d5fd251dc7c6f228acab64da1c9c0165d9c7765c"},
    {file = "charset_normalizer-3.2.0-cp310-cp310-musllinux_1_1_aarch64.whl", hash = "sha256:baacc6aee0b2ef6f3d308e197b5d7a81c0e70b06beae1f1fcacffdbd124fe0e3"},
    {file = "charset_normalizer-3.2.0-cp310-cp310-musllinux_1_1_i686.whl", hash = "sha256:bf420121d4c8dce6b889f0e8e4ec0ca34b7f40186203f06a946fa0276ba54029"},
    {file = "charset_normalizer-3.2.0-cp310-cp310-musllinux_1_1_ppc64le.whl", hash = "sha256:c04a46716adde8d927adb9457bbe39cf473e1e2c2f5d0a16ceb837e5d841ad4f"},
    {file = "charset_normalizer-3.2.0-cp310-cp310-musllinux_1_1_s390x.whl", hash = "sha256:aaf63899c94de41fe3cf934601b0f7ccb6b428c6e4eeb80da72c58eab077b19a"},
    {file = "charset_normalizer-3.2.0-cp310-cp310-musllinux_1_1_x86_64.whl", hash = "sha256:d62e51710986674142526ab9f78663ca2b0726066ae26b78b22e0f5e571238dd"},
    {file = "charset_normalizer-3.2.0-cp310-cp310-win32.whl", hash = "sha256:04e57ab9fbf9607b77f7d057974694b4f6b142da9ed4a199859d9d4d5c63fe96"},
    {file = "charset_normalizer-3.2.0-cp310-cp310-win_amd64.whl", hash = "sha256:48021783bdf96e3d6de03a6e39a1171ed5bd7e8bb93fc84cc649d11490f87cea"},
    {file = "charset_normalizer-3.2.0-cp311-cp311-macosx_10_9_universal2.whl", hash = "sha256:4957669ef390f0e6719db3613ab3a7631e68424604a7b448f079bee145da6e09"},
    {file = "charset_normalizer-3.2.0-cp311-cp311-macosx_10_9_x86_64.whl", hash = "sha256:46fb8c61d794b78ec7134a715a3e564aafc8f6b5e338417cb19fe9f57a5a9bf2"},
    {file = "charset_normalizer-3.2.0-cp311-cp311-macosx_11_0_arm64.whl", hash = "sha256:f779d3ad205f108d14e99bb3859aa7dd8e9c68874617c72354d7ecaec2a054ac"},
    {file = "charset_normalizer-3.2.0-cp311-cp311-manylinux_2_17_aarch64.manylinux2014_aarch64.whl", hash = "sha256:f25c229a6ba38a35ae6e25ca1264621cc25d4d38dca2942a7fce0b67a4efe918"},
    {file = "charset_normalizer-3.2.0-cp311-cp311-manylinux_2_17_ppc64le.manylinux2014_ppc64le.whl", hash = "sha256:2efb1bd13885392adfda4614c33d3b68dee4921fd0ac1d3988f8cbb7d589e72a"},
    {file = "charset_normalizer-3.2.0-cp311-cp311-manylinux_2_17_s390x.manylinux2014_s390x.whl", hash = "sha256:1f30b48dd7fa1474554b0b0f3fdfdd4c13b5c737a3c6284d3cdc424ec0ffff3a"},
    {file = "charset_normalizer-3.2.0-cp311-cp311-manylinux_2_17_x86_64.manylinux2014_x86_64.whl", hash = "sha256:246de67b99b6851627d945db38147d1b209a899311b1305dd84916f2b88526c6"},
    {file = "charset_normalizer-3.2.0-cp311-cp311-manylinux_2_5_i686.manylinux1_i686.manylinux_2_17_i686.manylinux2014_i686.whl", hash = "sha256:9bd9b3b31adcb054116447ea22caa61a285d92e94d710aa5ec97992ff5eb7cf3"},
    {file = "charset_normalizer-3.2.0-cp311-cp311-musllinux_1_1_aarch64.whl", hash = "sha256:8c2f5e83493748286002f9369f3e6607c565a6a90425a3a1fef5ae32a36d749d"},
    {file = "charset_normalizer-3.2.0-cp311-cp311-musllinux_1_1_i686.whl", hash = "sha256:3170c9399da12c9dc66366e9d14da8bf7147e1e9d9ea566067bbce7bb74bd9c2"},
    {file = "charset_normalizer-3.2.0-cp311-cp311-musllinux_1_1_ppc64le.whl", hash = "sha256:7a4826ad2bd6b07ca615c74ab91f32f6c96d08f6fcc3902ceeedaec8cdc3bcd6"},
    {file = "charset_normalizer-3.2.0-cp311-cp311-musllinux_1_1_s390x.whl", hash = "sha256:3b1613dd5aee995ec6d4c69f00378bbd07614702a315a2cf6c1d21461fe17c23"},
    {file = "charset_normalizer-3.2.0-cp311-cp311-musllinux_1_1_x86_64.whl", hash = "sha256:9e608aafdb55eb9f255034709e20d5a83b6d60c054df0802fa9c9883d0a937aa"},
    {file = "charset_normalizer-3.2.0-cp311-cp311-win32.whl", hash = "sha256:f2a1d0fd4242bd8643ce6f98927cf9c04540af6efa92323e9d3124f57727bfc1"},
    {file = "charset_normalizer-3.2.0-cp311-cp311-win_amd64.whl", hash = "sha256:681eb3d7e02e3c3655d1b16059fbfb605ac464c834a0c629048a30fad2b27489"},
    {file = "charset_normalizer-3.2.0-cp37-cp37m-macosx_10_9_x86_64.whl", hash = "sha256:c57921cda3a80d0f2b8aec7e25c8aa14479ea92b5b51b6876d975d925a2ea346"},
    {file = "charset_normalizer-3.2.0-cp37-cp37m-manylinux_2_17_aarch64.manylinux2014_aarch64.whl", hash = "sha256:41b25eaa7d15909cf3ac4c96088c1f266a9a93ec44f87f1d13d4a0e86c81b982"},
    {file = "charset_normalizer-3.2.0-cp37-cp37m-manylinux_2_17_ppc64le.manylinux2014_ppc64le.whl", hash = "sha256:f058f6963fd82eb143c692cecdc89e075fa0828db2e5b291070485390b2f1c9c"},
    {file = "charset_normalizer-3.2.0-cp37-cp37m-manylinux_2_17_s390x.manylinux2014_s390x.whl", hash = "sha256:a7647ebdfb9682b7bb97e2a5e7cb6ae735b1c25008a70b906aecca294ee96cf4"},
    {file = "charset_normalizer-3.2.0-cp37-cp37m-manylinux_2_17_x86_64.manylinux2014_x86_64.whl", hash = "sha256:eef9df1eefada2c09a5e7a40991b9fc6ac6ef20b1372abd48d2794a316dc0449"},
    {file = "charset_normalizer-3.2.0-cp37-cp37m-manylinux_2_5_i686.manylinux1_i686.manylinux_2_17_i686.manylinux2014_i686.whl", hash = "sha256:e03b8895a6990c9ab2cdcd0f2fe44088ca1c65ae592b8f795c3294af00a461c3"},
    {file = "charset_normalizer-3.2.0-cp37-cp37m-musllinux_1_1_aarch64.whl", hash = "sha256:ee4006268ed33370957f55bf2e6f4d263eaf4dc3cfc473d1d90baff6ed36ce4a"},
    {file = "charset_normalizer-3.2.0-cp37-cp37m-musllinux_1_1_i686.whl", hash = "sha256:c4983bf937209c57240cff65906b18bb35e64ae872da6a0db937d7b4af845dd7"},
    {file = "charset_normalizer-3.2.0-cp37-cp37m-musllinux_1_1_ppc64le.whl", hash = "sha256:3bb7fda7260735efe66d5107fb7e6af6a7c04c7fce9b2514e04b7a74b06bf5dd"},
    {file = "charset_normalizer-3.2.0-cp37-cp37m-musllinux_1_1_s390x.whl", hash = "sha256:72814c01533f51d68702802d74f77ea026b5ec52793c791e2da806a3844a46c3"},
    {file = "charset_normalizer-3.2.0-cp37-cp37m-musllinux_1_1_x86_64.whl", hash = "sha256:70c610f6cbe4b9fce272c407dd9d07e33e6bf7b4aa1b7ffb6f6ded8e634e3592"},
    {file = "charset_normalizer-3.2.0-cp37-cp37m-win32.whl", hash = "sha256:a401b4598e5d3f4a9a811f3daf42ee2291790c7f9d74b18d75d6e21dda98a1a1"},
    {file = "charset_normalizer-3.2.0-cp37-cp37m-win_amd64.whl", hash = "sha256:c0b21078a4b56965e2b12f247467b234734491897e99c1d51cee628da9786959"},
    {file = "charset_normalizer-3.2.0-cp38-cp38-macosx_10_9_universal2.whl", hash = "sha256:95eb302ff792e12aba9a8b8f8474ab229a83c103d74a750ec0bd1c1eea32e669"},
    {file = "charset_normalizer-3.2.0-cp38-cp38-macosx_10_9_x86_64.whl", hash = "sha256:1a100c6d595a7f316f1b6f01d20815d916e75ff98c27a01ae817439ea7726329"},
    {file = "charset_normalizer-3.2.0-cp38-cp38-macosx_11_0_arm64.whl", hash = "sha256:6339d047dab2780cc6220f46306628e04d9750f02f983ddb37439ca47ced7149"},
    {file = "charset_normalizer-3.2.0-cp38-cp38-manylinux_2_17_aarch64.manylinux2014_aarch64.whl", hash = "sha256:e4b749b9cc6ee664a3300bb3a273c1ca8068c46be705b6c31cf5d276f8628a94"},
    {file = "charset_normalizer-3.2.0-cp38-cp38-manylinux_2_17_ppc64le.manylinux2014_ppc64le.whl", hash = "sha256:a38856a971c602f98472050165cea2cdc97709240373041b69030be15047691f"},
    {file = "charset_normalizer-3.2.0-cp38-cp38-manylinux_2_17_s390x.manylinux2014_s390x.whl", hash = "sha256:f87f746ee241d30d6ed93969de31e5ffd09a2961a051e60ae6bddde9ec3583aa"},
    {file = "charset_normalizer-3.2.0-cp38-cp38-manylinux_2_17_x86_64.manylinux2014_x86_64.whl", hash = "sha256:89f1b185a01fe560bc8ae5f619e924407efca2191b56ce749ec84982fc59a32a"},
    {file = "charset_normalizer-3.2.0-cp38-cp38-manylinux_2_5_i686.manylinux1_i686.manylinux_2_17_i686.manylinux2014_i686.whl", hash = "sha256:e1c8a2f4c69e08e89632defbfabec2feb8a8d99edc9f89ce33c4b9e36ab63037"},
    {file = "charset_normalizer-3.2.0-cp38-cp38-musllinux_1_1_aarch64.whl", hash = "sha256:2f4ac36d8e2b4cc1aa71df3dd84ff8efbe3bfb97ac41242fbcfc053c67434f46"},
    {file = "charset_normalizer-3.2.0-cp38-cp38-musllinux_1_1_i686.whl", hash = "sha256:a386ebe437176aab38c041de1260cd3ea459c6ce5263594399880bbc398225b2"},
    {file = "charset_normalizer-3.2.0-cp38-cp38-musllinux_1_1_ppc64le.whl", hash = "sha256:ccd16eb18a849fd8dcb23e23380e2f0a354e8daa0c984b8a732d9cfaba3a776d"},
    {file = "charset_normalizer-3.2.0-cp38-cp38-musllinux_1_1_s390x.whl", hash = "sha256:e6a5bf2cba5ae1bb80b154ed68a3cfa2fa00fde979a7f50d6598d3e17d9ac20c"},
    {file = "charset_normalizer-3.2.0-cp38-cp38-musllinux_1_1_x86_64.whl", hash = "sha256:45de3f87179c1823e6d9e32156fb14c1927fcc9aba21433f088fdfb555b77c10"},
    {file = "charset_normalizer-3.2.0-cp38-cp38-win32.whl", hash = "sha256:1000fba1057b92a65daec275aec30586c3de2401ccdcd41f8a5c1e2c87078706"},
    {file = "charset_normalizer-3.2.0-cp38-cp38-win_amd64.whl", hash = "sha256:8b2c760cfc7042b27ebdb4a43a4453bd829a5742503599144d54a032c5dc7e9e"},
    {file = "charset_normalizer-3.2.0-cp39-cp39-macosx_10_9_universal2.whl", hash = "sha256:855eafa5d5a2034b4621c74925d89c5efef61418570e5ef9b37717d9c796419c"},
    {file = "charset_normalizer-3.2.0-cp39-cp39-macosx_10_9_x86_64.whl", hash = "sha256:203f0c8871d5a7987be20c72442488a0b8cfd0f43b7973771640fc593f56321f"},
    {file = "charset_normalizer-3.2.0-cp39-cp39-macosx_11_0_arm64.whl", hash = "sha256:e857a2232ba53ae940d3456f7533ce6ca98b81917d47adc3c7fd55dad8fab858"},
    {file = "charset_normalizer-3.2.0-cp39-cp39-manylinux_2_17_aarch64.manylinux2014_aarch64.whl", hash = "sha256:5e86d77b090dbddbe78867a0275cb4df08ea195e660f1f7f13435a4649e954e5"},
    {file = "charset_normalizer-3.2.0-cp39-cp39-manylinux_2_17_ppc64le.manylinux2014_ppc64le.whl", hash = "sha256:c4fb39a81950ec280984b3a44f5bd12819953dc5fa3a7e6fa7a80db5ee853952"},
    {file = "charset_normalizer-3.2.0-cp39-cp39-manylinux_2_17_s390x.manylinux2014_s390x.whl", hash = "sha256:2dee8e57f052ef5353cf608e0b4c871aee320dd1b87d351c28764fc0ca55f9f4"},
    {file = "charset_normalizer-3.2.0-cp39-cp39-manylinux_2_17_x86_64.manylinux2014_x86_64.whl", hash = "sha256:8700f06d0ce6f128de3ccdbc1acaea1ee264d2caa9ca05daaf492fde7c2a7200"},
    {file = "charset_normalizer-3.2.0-cp39-cp39-manylinux_2_5_i686.manylinux1_i686.manylinux_2_17_i686.manylinux2014_i686.whl", hash = "sha256:1920d4ff15ce893210c1f0c0e9d19bfbecb7983c76b33f046c13a8ffbd570252"},
    {file = "charset_normalizer-3.2.0-cp39-cp39-musllinux_1_1_aarch64.whl", hash = "sha256:c1c76a1743432b4b60ab3358c937a3fe1341c828ae6194108a94c69028247f22"},
    {file = "charset_normalizer-3.2.0-cp39-cp39-musllinux_1_1_i686.whl", hash = "sha256:f7560358a6811e52e9c4d142d497f1a6e10103d3a6881f18d04dbce3729c0e2c"},
    {file = "charset_normalizer-3.2.0-cp39-cp39-musllinux_1_1_ppc64le.whl", hash = "sha256:c8063cf17b19661471ecbdb3df1c84f24ad2e389e326ccaf89e3fb2484d8dd7e"},
    {file = "charset_normalizer-3.2.0-cp39-cp39-musllinux_1_1_s390x.whl", hash = "sha256:cd6dbe0238f7743d0efe563ab46294f54f9bc8f4b9bcf57c3c666cc5bc9d1299"},
    {file = "charset_normalizer-3.2.0-cp39-cp39-musllinux_1_1_x86_64.whl", hash = "sha256:1249cbbf3d3b04902ff081ffbb33ce3377fa6e4c7356f759f3cd076cc138d020"},
    {file = "charset_normalizer-3.2.0-cp39-cp39-win32.whl", hash = "sha256:6c409c0deba34f147f77efaa67b8e4bb83d2f11c8806405f76397ae5b8c0d1c9"},
    {file = "charset_normalizer-3.2.0-cp39-cp39-win_amd64.whl", hash = "sha256:7095f6fbfaa55defb6b733cfeb14efaae7a29f0b59d8cf213be4e7ca0b857b80"},
    {file = "charset_normalizer-3.2.0-py3-none-any.whl", hash = "sha256:8e098148dd37b4ce3baca71fb394c81dc5d9c7728c95df695d2dca218edf40e6"},
]

[[package]]
name = "fire"
version = "0.5.0"
description = "A library for automatically generating command line interfaces."
optional = false
python-versions = "*"
files = [
    {file = "fire-0.5.0.tar.gz", hash = "sha256:a6b0d49e98c8963910021f92bba66f65ab440da2982b78eb1bbf95a0a34aacc6"},
]

[package.dependencies]
six = "*"
termcolor = "*"

[[package]]
name = "idna"
version = "3.4"
description = "Internationalized Domain Names in Applications (IDNA)"
optional = false
python-versions = ">=3.5"
files = [
    {file = "idna-3.4-py3-none-any.whl", hash = "sha256:90b77e79eaa3eba6de819a0c442c0b4ceefc341a7a2ab77d7562bf49f425c5c2"},
    {file = "idna-3.4.tar.gz", hash = "sha256:814f528e8dead7d329833b91c5faa87d60bf71824cd12a7530b5526063d02cb4"},
]

[[package]]
name = "importlib-metadata"
version = "6.7.0"
description = "Read metadata from Python packages"
optional = false
python-versions = ">=3.7"
files = [
    {file = "importlib_metadata-6.7.0-py3-none-any.whl", hash = "sha256:cb52082e659e97afc5dac71e79de97d8681de3aa07ff18578330904a9d18e5b5"},
    {file = "importlib_metadata-6.7.0.tar.gz", hash = "sha256:1aaf550d4f73e5d6783e7acb77aec43d49da8017410afae93822cc9cca98c4d4"},
]

[package.dependencies]
typing-extensions = {version = ">=3.6.4", markers = "python_version < \"3.8\""}
zipp = ">=0.5"

[package.extras]
docs = ["furo", "jaraco.packaging (>=9)", "jaraco.tidelift (>=1.4)", "rst.linker (>=1.9)", "sphinx (>=3.5)", "sphinx-lint"]
perf = ["ipython"]
testing = ["flufl.flake8", "importlib-resources (>=1.3)", "packaging", "pyfakefs", "pytest (>=6)", "pytest-black (>=0.3.7)", "pytest-checkdocs (>=2.4)", "pytest-cov", "pytest-enabler (>=1.3)", "pytest-mypy (>=0.9.1)", "pytest-perf (>=0.9.2)", "pytest-ruff"]

[[package]]
name = "importlib-resources"
version = "5.12.0"
description = "Read resources from Python packages"
optional = false
python-versions = ">=3.7"
files = [
    {file = "importlib_resources-5.12.0-py3-none-any.whl", hash = "sha256:7b1deeebbf351c7578e09bf2f63fa2ce8b5ffec296e0d349139d43cca061a81a"},
    {file = "importlib_resources-5.12.0.tar.gz", hash = "sha256:4be82589bf5c1d7999aedf2a45159d10cb3ca4f19b2271f8792bc8e6da7b22f6"},
]

[package.dependencies]
zipp = {version = ">=3.1.0", markers = "python_version < \"3.10\""}

[package.extras]
docs = ["furo", "jaraco.packaging (>=9)", "jaraco.tidelift (>=1.4)", "rst.linker (>=1.9)", "sphinx (>=3.5)", "sphinx-lint"]
testing = ["flake8 (<5)", "pytest (>=6)", "pytest-black (>=0.3.7)", "pytest-checkdocs (>=2.4)", "pytest-cov", "pytest-enabler (>=1.3)", "pytest-flake8", "pytest-mypy (>=0.9.1)"]

[[package]]
name = "jsonschema"
version = "4.17.3"
description = "An implementation of JSON Schema validation for Python"
optional = false
python-versions = ">=3.7"
files = [
    {file = "jsonschema-4.17.3-py3-none-any.whl", hash = "sha256:a870ad254da1a8ca84b6a2905cac29d265f805acc57af304784962a2aa6508f6"},
    {file = "jsonschema-4.17.3.tar.gz", hash = "sha256:0f864437ab8b6076ba6707453ef8f98a6a0d512a80e93f8abdb676f737ecb60d"},
]

[package.dependencies]
attrs = ">=17.4.0"
importlib-metadata = {version = "*", markers = "python_version < \"3.8\""}
importlib-resources = {version = ">=1.4.0", markers = "python_version < \"3.9\""}
pkgutil-resolve-name = {version = ">=1.3.10", markers = "python_version < \"3.9\""}
pyrsistent = ">=0.14.0,<0.17.0 || >0.17.0,<0.17.1 || >0.17.1,<0.17.2 || >0.17.2"
typing-extensions = {version = "*", markers = "python_version < \"3.8\""}

[package.extras]
format = ["fqdn", "idna", "isoduration", "jsonpointer (>1.13)", "rfc3339-validator", "rfc3987", "uri-template", "webcolors (>=1.11)"]
format-nongpl = ["fqdn", "idna", "isoduration", "jsonpointer (>1.13)", "rfc3339-validator", "rfc3986-validator (>0.1.0)", "uri-template", "webcolors (>=1.11)"]

[[package]]
name = "mypy"
version = "1.4.1"
description = "Optional static typing for Python"
optional = false
python-versions = ">=3.7"
files = [
    {file = "mypy-1.4.1-cp310-cp310-macosx_10_9_x86_64.whl", hash = "sha256:566e72b0cd6598503e48ea610e0052d1b8168e60a46e0bfd34b3acf2d57f96a8"},
    {file = "mypy-1.4.1-cp310-cp310-macosx_11_0_arm64.whl", hash = "sha256:ca637024ca67ab24a7fd6f65d280572c3794665eaf5edcc7e90a866544076878"},
    {file = "mypy-1.4.1-cp310-cp310-manylinux_2_17_x86_64.manylinux2014_x86_64.whl", hash = "sha256:0dde1d180cd84f0624c5dcaaa89c89775550a675aff96b5848de78fb11adabcd"},
    {file = "mypy-1.4.1-cp310-cp310-musllinux_1_1_x86_64.whl", hash = "sha256:8c4d8e89aa7de683e2056a581ce63c46a0c41e31bd2b6d34144e2c80f5ea53dc"},
    {file = "mypy-1.4.1-cp310-cp310-win_amd64.whl", hash = "sha256:bfdca17c36ae01a21274a3c387a63aa1aafe72bff976522886869ef131b937f1"},
    {file = "mypy-1.4.1-cp311-cp311-macosx_10_9_x86_64.whl", hash = "sha256:7549fbf655e5825d787bbc9ecf6028731973f78088fbca3a1f4145c39ef09462"},
    {file = "mypy-1.4.1-cp311-cp311-macosx_11_0_arm64.whl", hash = "sha256:98324ec3ecf12296e6422939e54763faedbfcc502ea4a4c38502082711867258"},
    {file = "mypy-1.4.1-cp311-cp311-manylinux_2_17_x86_64.manylinux2014_x86_64.whl", hash = "sha256:141dedfdbfe8a04142881ff30ce6e6653c9685b354876b12e4fe6c78598b45e2"},
    {file = "mypy-1.4.1-cp311-cp311-musllinux_1_1_x86_64.whl", hash = "sha256:8207b7105829eca6f3d774f64a904190bb2231de91b8b186d21ffd98005f14a7"},
    {file = "mypy-1.4.1-cp311-cp311-win_amd64.whl", hash = "sha256:16f0db5b641ba159eff72cff08edc3875f2b62b2fa2bc24f68c1e7a4e8232d01"},
    {file = "mypy-1.4.1-cp37-cp37m-macosx_10_9_x86_64.whl", hash = "sha256:470c969bb3f9a9efcedbadcd19a74ffb34a25f8e6b0e02dae7c0e71f8372f97b"},
    {file = "mypy-1.4.1-cp37-cp37m-manylinux_2_17_x86_64.manylinux2014_x86_64.whl", hash = "sha256:e5952d2d18b79f7dc25e62e014fe5a23eb1a3d2bc66318df8988a01b1a037c5b"},
    {file = "mypy-1.4.1-cp37-cp37m-musllinux_1_1_x86_64.whl", hash = "sha256:190b6bab0302cec4e9e6767d3eb66085aef2a1cc98fe04936d8a42ed2ba77bb7"},
    {file = "mypy-1.4.1-cp37-cp37m-win_amd64.whl", hash = "sha256:9d40652cc4fe33871ad3338581dca3297ff5f2213d0df345bcfbde5162abf0c9"},
    {file = "mypy-1.4.1-cp38-cp38-macosx_10_9_x86_64.whl", hash = "sha256:01fd2e9f85622d981fd9063bfaef1aed6e336eaacca00892cd2d82801ab7c042"},
    {file = "mypy-1.4.1-cp38-cp38-macosx_11_0_arm64.whl", hash = "sha256:2460a58faeea905aeb1b9b36f5065f2dc9a9c6e4c992a6499a2360c6c74ceca3"},
    {file = "mypy-1.4.1-cp38-cp38-manylinux_2_17_x86_64.manylinux2014_x86_64.whl", hash = "sha256:a2746d69a8196698146a3dbe29104f9eb6a2a4d8a27878d92169a6c0b74435b6"},
    {file = "mypy-1.4.1-cp38-cp38-musllinux_1_1_x86_64.whl", hash = "sha256:ae704dcfaa180ff7c4cfbad23e74321a2b774f92ca77fd94ce1049175a21c97f"},
    {file = "mypy-1.4.1-cp38-cp38-win_amd64.whl", hash = "sha256:43d24f6437925ce50139a310a64b2ab048cb2d3694c84c71c3f2a1626d8101dc"},
    {file = "mypy-1.4.1-cp39-cp39-macosx_10_9_x86_64.whl", hash = "sha256:c482e1246726616088532b5e964e39765b6d1520791348e6c9dc3af25b233828"},
    {file = "mypy-1.4.1-cp39-cp39-macosx_11_0_arm64.whl", hash = "sha256:43b592511672017f5b1a483527fd2684347fdffc041c9ef53428c8dc530f79a3"},
    {file = "mypy-1.4.1-cp39-cp39-manylinux_2_17_x86_64.manylinux2014_x86_64.whl", hash = "sha256:34a9239d5b3502c17f07fd7c0b2ae6b7dd7d7f6af35fbb5072c6208e76295816"},
    {file = "mypy-1.4.1-cp39-cp39-musllinux_1_1_x86_64.whl", hash = "sha256:5703097c4936bbb9e9bce41478c8d08edd2865e177dc4c52be759f81ee4dd26c"},
    {file = "mypy-1.4.1-cp39-cp39-win_amd64.whl", hash = "sha256:e02d700ec8d9b1859790c0475df4e4092c7bf3272a4fd2c9f33d87fac4427b8f"},
    {file = "mypy-1.4.1-py3-none-any.whl", hash = "sha256:45d32cec14e7b97af848bddd97d85ea4f0db4d5a149ed9676caa4eb2f7402bb4"},
    {file = "mypy-1.4.1.tar.gz", hash = "sha256:9bbcd9ab8ea1f2e1c8031c21445b511442cc45c89951e49bbf852cbb70755b1b"},
]

[package.dependencies]
mypy-extensions = ">=1.0.0"
tomli = {version = ">=1.1.0", markers = "python_version < \"3.11\""}
typed-ast = {version = ">=1.4.0,<2", markers = "python_version < \"3.8\""}
typing-extensions = ">=4.1.0"

[package.extras]
dmypy = ["psutil (>=4.0)"]
install-types = ["pip"]
python2 = ["typed-ast (>=1.4.0,<2)"]
reports = ["lxml"]

[[package]]
name = "mypy-extensions"
version = "1.0.0"
description = "Type system extensions for programs checked with the mypy type checker."
optional = false
python-versions = ">=3.5"
files = [
    {file = "mypy_extensions-1.0.0-py3-none-any.whl", hash = "sha256:4392f6c0eb8a5668a69e23d168ffa70f0be9ccfd32b5cc2d26a34ae5b844552d"},
    {file = "mypy_extensions-1.0.0.tar.gz", hash = "sha256:75dbf8955dc00442a438fc4d0666508a9a97b6bd41aa2f0ffe9d2f2725af0782"},
]

[[package]]
name = "pkgutil-resolve-name"
version = "1.3.10"
description = "Resolve a name to an object."
optional = false
python-versions = ">=3.6"
files = [
    {file = "pkgutil_resolve_name-1.3.10-py3-none-any.whl", hash = "sha256:ca27cc078d25c5ad71a9de0a7a330146c4e014c2462d9af19c6b828280649c5e"},
    {file = "pkgutil_resolve_name-1.3.10.tar.gz", hash = "sha256:357d6c9e6a755653cfd78893817c0853af365dd51ec97f3d358a819373bbd174"},
]

[[package]]
name = "pyrsistent"
version = "0.19.3"
description = "Persistent/Functional/Immutable data structures"
optional = false
python-versions = ">=3.7"
files = [
    {file = "pyrsistent-0.19.3-cp310-cp310-macosx_10_9_universal2.whl", hash = "sha256:20460ac0ea439a3e79caa1dbd560344b64ed75e85d8703943e0b66c2a6150e4a"},
    {file = "pyrsistent-0.19.3-cp310-cp310-manylinux_2_17_aarch64.manylinux2014_aarch64.whl", hash = "sha256:4c18264cb84b5e68e7085a43723f9e4c1fd1d935ab240ce02c0324a8e01ccb64"},
    {file = "pyrsistent-0.19.3-cp310-cp310-manylinux_2_5_i686.manylinux1_i686.manylinux_2_17_i686.manylinux2014_i686.whl", hash = "sha256:4b774f9288dda8d425adb6544e5903f1fb6c273ab3128a355c6b972b7df39dcf"},
    {file = "pyrsistent-0.19.3-cp310-cp310-win32.whl", hash = "sha256:5a474fb80f5e0d6c9394d8db0fc19e90fa540b82ee52dba7d246a7791712f74a"},
    {file = "pyrsistent-0.19.3-cp310-cp310-win_amd64.whl", hash = "sha256:49c32f216c17148695ca0e02a5c521e28a4ee6c5089f97e34fe24163113722da"},
    {file = "pyrsistent-0.19.3-cp311-cp311-macosx_10_9_universal2.whl", hash = "sha256:f0774bf48631f3a20471dd7c5989657b639fd2d285b861237ea9e82c36a415a9"},
    {file = "pyrsistent-0.19.3-cp311-cp311-manylinux_2_17_aarch64.manylinux2014_aarch64.whl", hash = "sha256:3ab2204234c0ecd8b9368dbd6a53e83c3d4f3cab10ecaf6d0e772f456c442393"},
    {file = "pyrsistent-0.19.3-cp311-cp311-manylinux_2_5_i686.manylinux1_i686.manylinux_2_17_i686.manylinux2014_i686.whl", hash = "sha256:e42296a09e83028b3476f7073fcb69ffebac0e66dbbfd1bd847d61f74db30f19"},
    {file = "pyrsistent-0.19.3-cp311-cp311-win32.whl", hash = "sha256:64220c429e42a7150f4bfd280f6f4bb2850f95956bde93c6fda1b70507af6ef3"},
    {file = "pyrsistent-0.19.3-cp311-cp311-win_amd64.whl", hash = "sha256:016ad1afadf318eb7911baa24b049909f7f3bb2c5b1ed7b6a8f21db21ea3faa8"},
    {file = "pyrsistent-0.19.3-cp37-cp37m-macosx_10_9_x86_64.whl", hash = "sha256:c4db1bd596fefd66b296a3d5d943c94f4fac5bcd13e99bffe2ba6a759d959a28"},
    {file = "pyrsistent-0.19.3-cp37-cp37m-manylinux_2_17_aarch64.manylinux2014_aarch64.whl", hash = "sha256:aeda827381f5e5d65cced3024126529ddc4289d944f75e090572c77ceb19adbf"},
    {file = "pyrsistent-0.19.3-cp37-cp37m-manylinux_2_5_i686.manylinux1_i686.manylinux_2_17_i686.manylinux2014_i686.whl", hash = "sha256:42ac0b2f44607eb92ae88609eda931a4f0dfa03038c44c772e07f43e738bcac9"},
    {file = "pyrsistent-0.19.3-cp37-cp37m-win32.whl", hash = "sha256:e8f2b814a3dc6225964fa03d8582c6e0b6650d68a232df41e3cc1b66a5d2f8d1"},
    {file = "pyrsistent-0.19.3-cp37-cp37m-win_amd64.whl", hash = "sha256:c9bb60a40a0ab9aba40a59f68214eed5a29c6274c83b2cc206a359c4a89fa41b"},
    {file = "pyrsistent-0.19.3-cp38-cp38-macosx_10_9_universal2.whl", hash = "sha256:a2471f3f8693101975b1ff85ffd19bb7ca7dd7c38f8a81701f67d6b4f97b87d8"},
    {file = "pyrsistent-0.19.3-cp38-cp38-manylinux_2_17_aarch64.manylinux2014_aarch64.whl", hash = "sha256:cc5d149f31706762c1f8bda2e8c4f8fead6e80312e3692619a75301d3dbb819a"},
    {file = "pyrsistent-0.19.3-cp38-cp38-manylinux_2_5_i686.manylinux1_i686.manylinux_2_17_i686.manylinux2014_i686.whl", hash = "sha256:3311cb4237a341aa52ab8448c27e3a9931e2ee09561ad150ba94e4cfd3fc888c"},
    {file = "pyrsistent-0.19.3-cp38-cp38-win32.whl", hash = "sha256:f0e7c4b2f77593871e918be000b96c8107da48444d57005b6a6bc61fb4331b2c"},
    {file = "pyrsistent-0.19.3-cp38-cp38-win_amd64.whl", hash = "sha256:c147257a92374fde8498491f53ffa8f4822cd70c0d85037e09028e478cababb7"},
    {file = "pyrsistent-0.19.3-cp39-cp39-macosx_10_9_universal2.whl", hash = "sha256:b735e538f74ec31378f5a1e3886a26d2ca6351106b4dfde376a26fc32a044edc"},
    {file = "pyrsistent-0.19.3-cp39-cp39-manylinux_2_17_aarch64.manylinux2014_aarch64.whl", hash = "sha256:99abb85579e2165bd8522f0c0138864da97847875ecbd45f3e7e2af569bfc6f2"},
    {file = "pyrsistent-0.19.3-cp39-cp39-manylinux_2_5_i686.manylinux1_i686.manylinux_2_17_i686.manylinux2014_i686.whl", hash = "sha256:3a8cb235fa6d3fd7aae6a4f1429bbb1fec1577d978098da1252f0489937786f3"},
    {file = "pyrsistent-0.19.3-cp39-cp39-win32.whl", hash = "sha256:c74bed51f9b41c48366a286395c67f4e894374306b197e62810e0fdaf2364da2"},
    {file = "pyrsistent-0.19.3-cp39-cp39-win_amd64.whl", hash = "sha256:878433581fc23e906d947a6814336eee031a00e6defba224234169ae3d3d6a98"},
    {file = "pyrsistent-0.19.3-py3-none-any.whl", hash = "sha256:ccf0d6bd208f8111179f0c26fdf84ed7c3891982f2edaeae7422575f47e66b64"},
    {file = "pyrsistent-0.19.3.tar.gz", hash = "sha256:1a2994773706bbb4995c31a97bc94f1418314923bd1048c6d964837040376440"},
]

[[package]]
name = "python-gnupg"
version = "0.5.2"
description = "A wrapper for the Gnu Privacy Guard (GPG or GnuPG)"
optional = false
python-versions = "*"
files = [
    {file = "python-gnupg-0.5.2.tar.gz", hash = "sha256:01d8013931c9fa3f45824bbea7054c03d6e11f258a72e7e086e168dbcb91854c"},
    {file = "python_gnupg-0.5.2-py2.py3-none-any.whl", hash = "sha256:72ce142af6da7f07e433fef148b445fb3e07854acd2f88739008838745c0e9f5"},
]

[[package]]
name = "requests"
version = "2.31.0"
description = "Python HTTP for Humans."
optional = false
python-versions = ">=3.7"
files = [
    {file = "requests-2.31.0-py3-none-any.whl", hash = "sha256:58cd2187c01e70e6e26505bca751777aa9f2ee0b7f4300988b709f44e013003f"},
    {file = "requests-2.31.0.tar.gz", hash = "sha256:942c5a758f98d790eaed1a29cb6eefc7ffb0d1cf7af05c3d2791656dbd6ad1e1"},
]

[package.dependencies]
certifi = ">=2017.4.17"
charset-normalizer = ">=2,<4"
idna = ">=2.5,<4"
urllib3 = ">=1.21.1,<3"

[package.extras]
socks = ["PySocks (>=1.5.6,!=1.5.7)"]
use-chardet-on-py3 = ["chardet (>=3.0.2,<6)"]

[[package]]
name = "requests-futures"
version = "1.0.1"
description = "Asynchronous Python HTTP for Humans."
optional = false
python-versions = "*"
files = [
    {file = "requests-futures-1.0.1.tar.gz", hash = "sha256:f55a4ef80070e2858e7d1e73123d2bfaeaf25b93fd34384d8ddf148e2b676373"},
    {file = "requests_futures-1.0.1-py2.py3-none-any.whl", hash = "sha256:4a2f5472e9911a79532137d156aa937cd9cd90fec55677f71b2976d1f7a66d38"},
]

[package.dependencies]
requests = ">=1.2.0"

[package.extras]
dev = ["black (>=22.3.0)", "build (>=0.7.0)", "isort (>=5.11.4)", "pyflakes (>=2.2.0)", "pytest (>=6.2.5)", "pytest-cov (>=3.0.0)", "pytest-network (>=0.0.1)", "readme-renderer[rst] (>=26.0)", "twine (>=3.4.2)"]

[[package]]
name = "semantic-version"
version = "2.10.0"
description = "A library implementing the 'SemVer' scheme."
optional = false
python-versions = ">=2.7"
files = [
    {file = "semantic_version-2.10.0-py2.py3-none-any.whl", hash = "sha256:de78a3b8e0feda74cabc54aab2da702113e33ac9d9eb9d2389bcf1f58b7d9177"},
    {file = "semantic_version-2.10.0.tar.gz", hash = "sha256:bdabb6d336998cbb378d4b9db3a4b56a1e3235701dc05ea2690d9a997ed5041c"},
]

[package.extras]
dev = ["Django (>=1.11)", "check-manifest", "colorama (<=0.4.1)", "coverage", "flake8", "nose2", "readme-renderer (<25.0)", "tox", "wheel", "zest.releaser[recommended]"]
doc = ["Sphinx", "sphinx-rtd-theme"]

[[package]]
name = "six"
version = "1.16.0"
description = "Python 2 and 3 compatibility utilities"
optional = false
python-versions = ">=2.7, !=3.0.*, !=3.1.*, !=3.2.*"
files = [
    {file = "six-1.16.0-py2.py3-none-any.whl", hash = "sha256:8abb2f1d86890a2dfb989f9a77cfcfd3e47c2a354b01111771326f8aa26e0254"},
    {file = "six-1.16.0.tar.gz", hash = "sha256:1e61c37477a1626458e36f7b1d82aa5c9b094fa4802892072e49de9c60c4c926"},
]

[[package]]
name = "termcolor"
version = "2.3.0"
description = "ANSI color formatting for output in terminal"
optional = false
python-versions = ">=3.7"
files = [
    {file = "termcolor-2.3.0-py3-none-any.whl", hash = "sha256:3afb05607b89aed0ffe25202399ee0867ad4d3cb4180d98aaf8eefa6a5f7d475"},
    {file = "termcolor-2.3.0.tar.gz", hash = "sha256:b5b08f68937f138fe92f6c089b99f1e2da0ae56c52b78bf7075fd95420fd9a5a"},
]

[package.extras]
tests = ["pytest", "pytest-cov"]

[[package]]
name = "tomli"
version = "2.0.1"
description = "A lil' TOML parser"
optional = false
python-versions = ">=3.7"
files = [
    {file = "tomli-2.0.1-py3-none-any.whl", hash = "sha256:939de3e7a6161af0c887ef91b7d41a53e7c5a1ca976325f429cb46ea9bc30ecc"},
    {file = "tomli-2.0.1.tar.gz", hash = "sha256:de526c12914f0c550d15924c62d72abc48d6fe7364aa87328337a31007fe8a4f"},
]

[[package]]
name = "typed-ast"
version = "1.5.5"
description = "a fork of Python 2 and 3 ast modules with type comment support"
optional = false
python-versions = ">=3.6"
files = [
    {file = "typed_ast-1.5.5-cp310-cp310-macosx_10_9_x86_64.whl", hash = "sha256:4bc1efe0ce3ffb74784e06460f01a223ac1f6ab31c6bc0376a21184bf5aabe3b"},
    {file = "typed_ast-1.5.5-cp310-cp310-macosx_11_0_arm64.whl", hash = "sha256:5f7a8c46a8b333f71abd61d7ab9255440d4a588f34a21f126bbfc95f6049e686"},
    {file = "typed_ast-1.5.5-cp310-cp310-manylinux_2_17_aarch64.manylinux2014_aarch64.whl", hash = "sha256:597fc66b4162f959ee6a96b978c0435bd63791e31e4f410622d19f1686d5e769"},
    {file = "typed_ast-1.5.5-cp310-cp310-manylinux_2_17_x86_64.manylinux2014_x86_64.whl", hash = "sha256:d41b7a686ce653e06c2609075d397ebd5b969d821b9797d029fccd71fdec8e04"},
    {file = "typed_ast-1.5.5-cp310-cp310-musllinux_1_1_aarch64.whl", hash = "sha256:5fe83a9a44c4ce67c796a1b466c270c1272e176603d5e06f6afbc101a572859d"},
    {file = "typed_ast-1.5.5-cp310-cp310-musllinux_1_1_x86_64.whl", hash = "sha256:d5c0c112a74c0e5db2c75882a0adf3133adedcdbfd8cf7c9d6ed77365ab90a1d"},
    {file = "typed_ast-1.5.5-cp310-cp310-win_amd64.whl", hash = "sha256:e1a976ed4cc2d71bb073e1b2a250892a6e968ff02aa14c1f40eba4f365ffec02"},
    {file = "typed_ast-1.5.5-cp311-cp311-macosx_10_9_x86_64.whl", hash = "sha256:c631da9710271cb67b08bd3f3813b7af7f4c69c319b75475436fcab8c3d21bee"},
    {file = "typed_ast-1.5.5-cp311-cp311-macosx_11_0_arm64.whl", hash = "sha256:b445c2abfecab89a932b20bd8261488d574591173d07827c1eda32c457358b18"},
    {file = "typed_ast-1.5.5-cp311-cp311-manylinux_2_17_aarch64.manylinux2014_aarch64.whl", hash = "sha256:cc95ffaaab2be3b25eb938779e43f513e0e538a84dd14a5d844b8f2932593d88"},
    {file = "typed_ast-1.5.5-cp311-cp311-manylinux_2_17_x86_64.manylinux2014_x86_64.whl", hash = "sha256:61443214d9b4c660dcf4b5307f15c12cb30bdfe9588ce6158f4a005baeb167b2"},
    {file = "typed_ast-1.5.5-cp311-cp311-musllinux_1_1_aarch64.whl", hash = "sha256:6eb936d107e4d474940469e8ec5b380c9b329b5f08b78282d46baeebd3692dc9"},
    {file = "typed_ast-1.5.5-cp311-cp311-musllinux_1_1_x86_64.whl", hash = "sha256:e48bf27022897577d8479eaed64701ecaf0467182448bd95759883300ca818c8"},
    {file = "typed_ast-1.5.5-cp311-cp311-win_amd64.whl", hash = "sha256:83509f9324011c9a39faaef0922c6f720f9623afe3fe220b6d0b15638247206b"},
    {file = "typed_ast-1.5.5-cp36-cp36m-macosx_10_9_x86_64.whl", hash = "sha256:44f214394fc1af23ca6d4e9e744804d890045d1643dd7e8229951e0ef39429b5"},
    {file = "typed_ast-1.5.5-cp36-cp36m-manylinux_2_17_aarch64.manylinux2014_aarch64.whl", hash = "sha256:118c1ce46ce58fda78503eae14b7664163aa735b620b64b5b725453696f2a35c"},
    {file = "typed_ast-1.5.5-cp36-cp36m-manylinux_2_17_x86_64.manylinux2014_x86_64.whl", hash = "sha256:be4919b808efa61101456e87f2d4c75b228f4e52618621c77f1ddcaae15904fa"},
    {file = "typed_ast-1.5.5-cp36-cp36m-musllinux_1_1_aarch64.whl", hash = "sha256:fc2b8c4e1bc5cd96c1a823a885e6b158f8451cf6f5530e1829390b4d27d0807f"},
    {file = "typed_ast-1.5.5-cp36-cp36m-musllinux_1_1_x86_64.whl", hash = "sha256:16f7313e0a08c7de57f2998c85e2a69a642e97cb32f87eb65fbfe88381a5e44d"},
    {file = "typed_ast-1.5.5-cp36-cp36m-win_amd64.whl", hash = "sha256:2b946ef8c04f77230489f75b4b5a4a6f24c078be4aed241cfabe9cbf4156e7e5"},
    {file = "typed_ast-1.5.5-cp37-cp37m-macosx_10_9_x86_64.whl", hash = "sha256:2188bc33d85951ea4ddad55d2b35598b2709d122c11c75cffd529fbc9965508e"},
    {file = "typed_ast-1.5.5-cp37-cp37m-manylinux_2_17_aarch64.manylinux2014_aarch64.whl", hash = "sha256:0635900d16ae133cab3b26c607586131269f88266954eb04ec31535c9a12ef1e"},
    {file = "typed_ast-1.5.5-cp37-cp37m-manylinux_2_17_x86_64.manylinux2014_x86_64.whl", hash = "sha256:57bfc3cf35a0f2fdf0a88a3044aafaec1d2f24d8ae8cd87c4f58d615fb5b6311"},
    {file = "typed_ast-1.5.5-cp37-cp37m-musllinux_1_1_aarch64.whl", hash = "sha256:fe58ef6a764de7b4b36edfc8592641f56e69b7163bba9f9c8089838ee596bfb2"},
    {file = "typed_ast-1.5.5-cp37-cp37m-musllinux_1_1_x86_64.whl", hash = "sha256:d09d930c2d1d621f717bb217bf1fe2584616febb5138d9b3e8cdd26506c3f6d4"},
    {file = "typed_ast-1.5.5-cp37-cp37m-win_amd64.whl", hash = "sha256:d40c10326893ecab8a80a53039164a224984339b2c32a6baf55ecbd5b1df6431"},
    {file = "typed_ast-1.5.5-cp38-cp38-macosx_10_9_x86_64.whl", hash = "sha256:fd946abf3c31fb50eee07451a6aedbfff912fcd13cf357363f5b4e834cc5e71a"},
    {file = "typed_ast-1.5.5-cp38-cp38-macosx_11_0_arm64.whl", hash = "sha256:ed4a1a42df8a3dfb6b40c3d2de109e935949f2f66b19703eafade03173f8f437"},
    {file = "typed_ast-1.5.5-cp38-cp38-manylinux_2_17_aarch64.manylinux2014_aarch64.whl", hash = "sha256:045f9930a1550d9352464e5149710d56a2aed23a2ffe78946478f7b5416f1ede"},
    {file = "typed_ast-1.5.5-cp38-cp38-manylinux_2_17_x86_64.manylinux2014_x86_64.whl", hash = "sha256:381eed9c95484ceef5ced626355fdc0765ab51d8553fec08661dce654a935db4"},
    {file = "typed_ast-1.5.5-cp38-cp38-musllinux_1_1_aarch64.whl", hash = "sha256:bfd39a41c0ef6f31684daff53befddae608f9daf6957140228a08e51f312d7e6"},
    {file = "typed_ast-1.5.5-cp38-cp38-musllinux_1_1_x86_64.whl", hash = "sha256:8c524eb3024edcc04e288db9541fe1f438f82d281e591c548903d5b77ad1ddd4"},
    {file = "typed_ast-1.5.5-cp38-cp38-win_amd64.whl", hash = "sha256:7f58fabdde8dcbe764cef5e1a7fcb440f2463c1bbbec1cf2a86ca7bc1f95184b"},
    {file = "typed_ast-1.5.5-cp39-cp39-macosx_10_9_x86_64.whl", hash = "sha256:042eb665ff6bf020dd2243307d11ed626306b82812aba21836096d229fdc6a10"},
    {file = "typed_ast-1.5.5-cp39-cp39-macosx_11_0_arm64.whl", hash = "sha256:622e4a006472b05cf6ef7f9f2636edc51bda670b7bbffa18d26b255269d3d814"},
    {file = "typed_ast-1.5.5-cp39-cp39-manylinux_2_17_aarch64.manylinux2014_aarch64.whl", hash = "sha256:1efebbbf4604ad1283e963e8915daa240cb4bf5067053cf2f0baadc4d4fb51b8"},
    {file = "typed_ast-1.5.5-cp39-cp39-manylinux_2_17_x86_64.manylinux2014_x86_64.whl", hash = "sha256:f0aefdd66f1784c58f65b502b6cf8b121544680456d1cebbd300c2c813899274"},
    {file = "typed_ast-1.5.5-cp39-cp39-musllinux_1_1_aarch64.whl", hash = "sha256:48074261a842acf825af1968cd912f6f21357316080ebaca5f19abbb11690c8a"},
    {file = "typed_ast-1.5.5-cp39-cp39-musllinux_1_1_x86_64.whl", hash = "sha256:429ae404f69dc94b9361bb62291885894b7c6fb4640d561179548c849f8492ba"},
    {file = "typed_ast-1.5.5-cp39-cp39-win_amd64.whl", hash = "sha256:335f22ccb244da2b5c296e6f96b06ee9bed46526db0de38d2f0e5a6597b81155"},
    {file = "typed_ast-1.5.5.tar.gz", hash = "sha256:94282f7a354f36ef5dbce0ef3467ebf6a258e370ab33d5b40c249fa996e590dd"},
]

[[package]]
name = "typing-extensions"
version = "4.7.1"
description = "Backported and Experimental Type Hints for Python 3.7+"
optional = false
python-versions = ">=3.7"
files = [
    {file = "typing_extensions-4.7.1-py3-none-any.whl", hash = "sha256:440d5dd3af93b060174bf433bccd69b0babc3b15b1a8dca43789fd7f61514b36"},
    {file = "typing_extensions-4.7.1.tar.gz", hash = "sha256:b75ddc264f0ba5615db7ba217daeb99701ad295353c45f9e95963337ceeeffb2"},
]

[[package]]
name = "urllib3"
version = "2.0.4"
description = "HTTP library with thread-safe connection pooling, file post, and more."
optional = false
python-versions = ">=3.7"
files = [
    {file = "urllib3-2.0.4-py3-none-any.whl", hash = "sha256:de7df1803967d2c2a98e4b11bb7d6bd9210474c46e8a0401514e3a42a75ebde4"},
    {file = "urllib3-2.0.4.tar.gz", hash = "sha256:8d22f86aae8ef5e410d4f539fde9ce6b2113a001bb4d189e0aed70642d602b11"},
]

[package.extras]
brotli = ["brotli (>=1.0.9)", "brotlicffi (>=0.8.0)"]
secure = ["certifi", "cryptography (>=1.9)", "idna (>=2.0.0)", "pyopenssl (>=17.1.0)", "urllib3-secure-extra"]
socks = ["pysocks (>=1.5.6,!=1.5.7,<2.0)"]
zstd = ["zstandard (>=0.18.0)"]

[[package]]
name = "wget"
version = "3.2"
description = "pure python download utility"
optional = false
python-versions = "*"
files = [
    {file = "wget-3.2.zip", hash = "sha256:35e630eca2aa50ce998b9b1a127bb26b30dfee573702782aa982f875e3f16061"},
]

[[package]]
name = "yapf"
version = "0.32.0"
description = "A formatter for Python code."
optional = false
python-versions = "*"
files = [
    {file = "yapf-0.32.0-py2.py3-none-any.whl", hash = "sha256:8fea849025584e486fd06d6ba2bed717f396080fd3cc236ba10cb97c4c51cf32"},
    {file = "yapf-0.32.0.tar.gz", hash = "sha256:a3f5085d37ef7e3e004c4ba9f9b3e40c54ff1901cd111f05145ae313a7c67d1b"},
]

[[package]]
name = "zipp"
version = "3.15.0"
description = "Backport of pathlib-compatible object wrapper for zip files"
optional = false
python-versions = ">=3.7"
files = [
    {file = "zipp-3.15.0-py3-none-any.whl", hash = "sha256:48904fc76a60e542af151aded95726c1a5c34ed43ab4134b597665c86d7ad556"},
    {file = "zipp-3.15.0.tar.gz", hash = "sha256:112929ad649da941c23de50f356a2b5570c954b65150642bccdd66bf194d224b"},
]

[package.extras]
docs = ["furo", "jaraco.packaging (>=9)", "jaraco.tidelift (>=1.4)", "rst.linker (>=1.9)", "sphinx (>=3.5)", "sphinx-lint"]
testing = ["big-O", "flake8 (<5)", "jaraco.functools", "jaraco.itertools", "more-itertools", "pytest (>=6)", "pytest-black (>=0.3.7)", "pytest-checkdocs (>=2.4)", "pytest-cov", "pytest-enabler (>=1.3)", "pytest-flake8", "pytest-mypy (>=0.9.1)"]

[metadata]
lock-version = "2.0"
python-versions = "^3.7"
content-hash = "5170a0793481e6353e9c292af2c8e075c07c44047887892b3c8ae10252c97173"
